// !$*UTF8*$!
{
	archiveVersion = 1;
	classes = {
	};
	objectVersion = 50;
	objects = {

/* Begin PBXBuildFile section */
		754848A025E80E8500529C79 /* AppDelegate.swift in Sources */ = {isa = PBXBuildFile; fileRef = 7548489F25E80E8500529C79 /* AppDelegate.swift */; };
		754848A425E80E8500529C79 /* ViewController.swift in Sources */ = {isa = PBXBuildFile; fileRef = 754848A325E80E8500529C79 /* ViewController.swift */; };
		754848A925E80E8800529C79 /* Assets.xcassets in Resources */ = {isa = PBXBuildFile; fileRef = 754848A825E80E8800529C79 /* Assets.xcassets */; };
		754848B725E80E8800529C79 /* SampleTests.swift in Sources */ = {isa = PBXBuildFile; fileRef = 754848B625E80E8800529C79 /* SampleTests.swift */; };
		754848C225E8110D00529C79 /* .gitignore in Resources */ = {isa = PBXBuildFile; fileRef = 754848C125E8110D00529C79 /* .gitignore */; };
		754848C525E8123400529C79 /* MainDependencyContainer.swift in Sources */ = {isa = PBXBuildFile; fileRef = 754848C425E8123400529C79 /* MainDependencyContainer.swift */; };
		754848C925E8132600529C79 /* NiblessViewController.swift in Sources */ = {isa = PBXBuildFile; fileRef = 754848C825E8132600529C79 /* NiblessViewController.swift */; };
		754848CB25E813D300529C79 /* NiblessView.swift in Sources */ = {isa = PBXBuildFile; fileRef = 754848CA25E813D300529C79 /* NiblessView.swift */; };
		754848CD25E8140900529C79 /* NiblessNavigationController.swift in Sources */ = {isa = PBXBuildFile; fileRef = 754848CC25E8140900529C79 /* NiblessNavigationController.swift */; };
		754848E625EEAC6200529C79 /* LaunchDependencyContainer.swift in Sources */ = {isa = PBXBuildFile; fileRef = 754848E525EEAC6200529C79 /* LaunchDependencyContainer.swift */; };
		754848E825EEAC8500529C79 /* OnboardingDependencyContainer.swift in Sources */ = {isa = PBXBuildFile; fileRef = 754848E725EEAC8500529C79 /* OnboardingDependencyContainer.swift */; };
		754848EA25EEAC9E00529C79 /* LoginDependencyContainer.swift in Sources */ = {isa = PBXBuildFile; fileRef = 754848E925EEAC9E00529C79 /* LoginDependencyContainer.swift */; };
		754848EC25EEACBA00529C79 /* SignupDependencyContainer.swift in Sources */ = {isa = PBXBuildFile; fileRef = 754848EB25EEACBA00529C79 /* SignupDependencyContainer.swift */; };
/* End PBXBuildFile section */

/* Begin PBXContainerItemProxy section */
		754848B325E80E8800529C79 /* PBXContainerItemProxy */ = {
			isa = PBXContainerItemProxy;
			containerPortal = 7548489425E80E8500529C79 /* Project object */;
			proxyType = 1;
			remoteGlobalIDString = 7548489B25E80E8500529C79;
			remoteInfo = Sample;
		};
/* End PBXContainerItemProxy section */

/* Begin PBXFileReference section */
		7548489C25E80E8500529C79 /* Sample.app */ = {isa = PBXFileReference; explicitFileType = wrapper.application; includeInIndex = 0; path = Sample.app; sourceTree = BUILT_PRODUCTS_DIR; };
		7548489F25E80E8500529C79 /* AppDelegate.swift */ = {isa = PBXFileReference; lastKnownFileType = sourcecode.swift; path = AppDelegate.swift; sourceTree = "<group>"; };
		754848A325E80E8500529C79 /* ViewController.swift */ = {isa = PBXFileReference; lastKnownFileType = sourcecode.swift; path = ViewController.swift; sourceTree = "<group>"; };
		754848A825E80E8800529C79 /* Assets.xcassets */ = {isa = PBXFileReference; lastKnownFileType = folder.assetcatalog; path = Assets.xcassets; sourceTree = "<group>"; };
		754848AD25E80E8800529C79 /* Info.plist */ = {isa = PBXFileReference; lastKnownFileType = text.plist.xml; path = Info.plist; sourceTree = "<group>"; };
		754848B225E80E8800529C79 /* SampleTests.xctest */ = {isa = PBXFileReference; explicitFileType = wrapper.cfbundle; includeInIndex = 0; path = SampleTests.xctest; sourceTree = BUILT_PRODUCTS_DIR; };
		754848B625E80E8800529C79 /* SampleTests.swift */ = {isa = PBXFileReference; lastKnownFileType = sourcecode.swift; path = SampleTests.swift; sourceTree = "<group>"; };
		754848B825E80E8800529C79 /* Info.plist */ = {isa = PBXFileReference; lastKnownFileType = text.plist.xml; path = Info.plist; sourceTree = "<group>"; };
		754848C125E8110D00529C79 /* .gitignore */ = {isa = PBXFileReference; lastKnownFileType = text; path = .gitignore; sourceTree = "<group>"; };
		754848C425E8123400529C79 /* MainDependencyContainer.swift */ = {isa = PBXFileReference; lastKnownFileType = sourcecode.swift; path = MainDependencyContainer.swift; sourceTree = "<group>"; };
		754848C825E8132600529C79 /* NiblessViewController.swift */ = {isa = PBXFileReference; lastKnownFileType = sourcecode.swift; path = NiblessViewController.swift; sourceTree = "<group>"; };
		754848CA25E813D300529C79 /* NiblessView.swift */ = {isa = PBXFileReference; lastKnownFileType = sourcecode.swift; path = NiblessView.swift; sourceTree = "<group>"; };
		754848CC25E8140900529C79 /* NiblessNavigationController.swift */ = {isa = PBXFileReference; lastKnownFileType = sourcecode.swift; path = NiblessNavigationController.swift; sourceTree = "<group>"; };
		754848E525EEAC6200529C79 /* LaunchDependencyContainer.swift */ = {isa = PBXFileReference; lastKnownFileType = sourcecode.swift; path = LaunchDependencyContainer.swift; sourceTree = "<group>"; };
		754848E725EEAC8500529C79 /* OnboardingDependencyContainer.swift */ = {isa = PBXFileReference; lastKnownFileType = sourcecode.swift; path = OnboardingDependencyContainer.swift; sourceTree = "<group>"; };
		754848E925EEAC9E00529C79 /* LoginDependencyContainer.swift */ = {isa = PBXFileReference; lastKnownFileType = sourcecode.swift; path = LoginDependencyContainer.swift; sourceTree = "<group>"; };
		754848EB25EEACBA00529C79 /* SignupDependencyContainer.swift */ = {isa = PBXFileReference; lastKnownFileType = sourcecode.swift; path = SignupDependencyContainer.swift; sourceTree = "<group>"; };
/* End PBXFileReference section */

/* Begin PBXFrameworksBuildPhase section */
		7548489925E80E8500529C79 /* Frameworks */ = {
			isa = PBXFrameworksBuildPhase;
			buildActionMask = 2147483647;
			files = (
			);
			runOnlyForDeploymentPostprocessing = 0;
		};
		754848AF25E80E8800529C79 /* Frameworks */ = {
			isa = PBXFrameworksBuildPhase;
			buildActionMask = 2147483647;
			files = (
			);
			runOnlyForDeploymentPostprocessing = 0;
		};
/* End PBXFrameworksBuildPhase section */

/* Begin PBXGroup section */
		7548489325E80E8500529C79 = {
			isa = PBXGroup;
			children = (
				754848C125E8110D00529C79 /* .gitignore */,
				7548489E25E80E8500529C79 /* Sample */,
				754848B525E80E8800529C79 /* SampleTests */,
				7548489D25E80E8500529C79 /* Products */,
			);
			sourceTree = "<group>";
		};
		7548489D25E80E8500529C79 /* Products */ = {
			isa = PBXGroup;
			children = (
				7548489C25E80E8500529C79 /* Sample.app */,
				754848B225E80E8800529C79 /* SampleTests.xctest */,
			);
			name = Products;
			sourceTree = "<group>";
		};
		7548489E25E80E8500529C79 /* Sample */ = {
			isa = PBXGroup;
			children = (
				754848E425EEAB8000529C79 /* UseCases */,
				754848C725E8130C00529C79 /* UIKit */,
				754848C625E812F600529C79 /* Data */,
				754848A825E80E8800529C79 /* Assets.xcassets */,
				754848AD25E80E8800529C79 /* Info.plist */,
			);
			path = Sample;
			sourceTree = "<group>";
		};
		754848B525E80E8800529C79 /* SampleTests */ = {
			isa = PBXGroup;
			children = (
				754848B625E80E8800529C79 /* SampleTests.swift */,
				754848B825E80E8800529C79 /* Info.plist */,
			);
			path = SampleTests;
			sourceTree = "<group>";
		};
		754848C625E812F600529C79 /* Data */ = {
			isa = PBXGroup;
			children = (
			);
			path = Data;
			sourceTree = "<group>";
		};
		754848C725E8130C00529C79 /* UIKit */ = {
			isa = PBXGroup;
			children = (
				754848C825E8132600529C79 /* NiblessViewController.swift */,
				754848CA25E813D300529C79 /* NiblessView.swift */,
				754848CC25E8140900529C79 /* NiblessNavigationController.swift */,
			);
			path = UIKit;
			sourceTree = "<group>";
		};
		754848E025EEAB2200529C79 /* Launch */ = {
			isa = PBXGroup;
			children = (
				7548489F25E80E8500529C79 /* AppDelegate.swift */,
				754848E525EEAC6200529C79 /* LaunchDependencyContainer.swift */,
				754848A325E80E8500529C79 /* ViewController.swift */,
			);
			path = Launch;
			sourceTree = "<group>";
		};
		754848E125EEAB2D00529C79 /* Onboarding */ = {
			isa = PBXGroup;
			children = (
				754848E725EEAC8500529C79 /* OnboardingDependencyContainer.swift */,
			);
			path = Onboarding;
			sourceTree = "<group>";
		};
		754848E225EEAB3D00529C79 /* Login */ = {
			isa = PBXGroup;
			children = (
				754848E925EEAC9E00529C79 /* LoginDependencyContainer.swift */,
			);
			path = Login;
			sourceTree = "<group>";
		};
		754848E325EEAB4500529C79 /* Signup */ = {
			isa = PBXGroup;
			children = (
				754848EB25EEACBA00529C79 /* SignupDependencyContainer.swift */,
			);
			path = Signup;
			sourceTree = "<group>";
		};
		754848E425EEAB8000529C79 /* UseCases */ = {
			isa = PBXGroup;
			children = (
				754848C425E8123400529C79 /* MainDependencyContainer.swift */,
				754848E025EEAB2200529C79 /* Launch */,
				754848E125EEAB2D00529C79 /* Onboarding */,
				754848E225EEAB3D00529C79 /* Login */,
				754848E325EEAB4500529C79 /* Signup */,
			);
			path = UseCases;
			sourceTree = "<group>";
		};
/* End PBXGroup section */

/* Begin PBXNativeTarget section */
		7548489B25E80E8500529C79 /* Sample */ = {
			isa = PBXNativeTarget;
			buildConfigurationList = 754848BB25E80E8800529C79 /* Build configuration list for PBXNativeTarget "Sample" */;
			buildPhases = (
				7548489825E80E8500529C79 /* Sources */,
				7548489925E80E8500529C79 /* Frameworks */,
				7548489A25E80E8500529C79 /* Resources */,
			);
			buildRules = (
			);
			dependencies = (
			);
			name = Sample;
			productName = Sample;
			productReference = 7548489C25E80E8500529C79 /* Sample.app */;
			productType = "com.apple.product-type.application";
		};
		754848B125E80E8800529C79 /* SampleTests */ = {
			isa = PBXNativeTarget;
			buildConfigurationList = 754848BE25E80E8800529C79 /* Build configuration list for PBXNativeTarget "SampleTests" */;
			buildPhases = (
				754848AE25E80E8800529C79 /* Sources */,
				754848AF25E80E8800529C79 /* Frameworks */,
				754848B025E80E8800529C79 /* Resources */,
			);
			buildRules = (
			);
			dependencies = (
				754848B425E80E8800529C79 /* PBXTargetDependency */,
			);
			name = SampleTests;
			productName = SampleTests;
			productReference = 754848B225E80E8800529C79 /* SampleTests.xctest */;
			productType = "com.apple.product-type.bundle.unit-test";
		};
/* End PBXNativeTarget section */

/* Begin PBXProject section */
		7548489425E80E8500529C79 /* Project object */ = {
			isa = PBXProject;
			attributes = {
				LastSwiftUpdateCheck = 1130;
				LastUpgradeCheck = 1130;
				ORGANIZATIONNAME = "Lucas Pedrazoli";
				TargetAttributes = {
					7548489B25E80E8500529C79 = {
						CreatedOnToolsVersion = 11.3;
					};
					754848B125E80E8800529C79 = {
						CreatedOnToolsVersion = 11.3;
						TestTargetID = 7548489B25E80E8500529C79;
					};
				};
			};
			buildConfigurationList = 7548489725E80E8500529C79 /* Build configuration list for PBXProject "Sample" */;
			compatibilityVersion = "Xcode 9.3";
			developmentRegion = en;
			hasScannedForEncodings = 0;
			knownRegions = (
				en,
				Base,
			);
			mainGroup = 7548489325E80E8500529C79;
			productRefGroup = 7548489D25E80E8500529C79 /* Products */;
			projectDirPath = "";
			projectRoot = "";
			targets = (
				7548489B25E80E8500529C79 /* Sample */,
				754848B125E80E8800529C79 /* SampleTests */,
			);
		};
/* End PBXProject section */

/* Begin PBXResourcesBuildPhase section */
		7548489A25E80E8500529C79 /* Resources */ = {
			isa = PBXResourcesBuildPhase;
			buildActionMask = 2147483647;
			files = (
				754848C225E8110D00529C79 /* .gitignore in Resources */,
				754848A925E80E8800529C79 /* Assets.xcassets in Resources */,
			);
			runOnlyForDeploymentPostprocessing = 0;
		};
		754848B025E80E8800529C79 /* Resources */ = {
			isa = PBXResourcesBuildPhase;
			buildActionMask = 2147483647;
			files = (
			);
			runOnlyForDeploymentPostprocessing = 0;
		};
/* End PBXResourcesBuildPhase section */

/* Begin PBXSourcesBuildPhase section */
		7548489825E80E8500529C79 /* Sources */ = {
			isa = PBXSourcesBuildPhase;
			buildActionMask = 2147483647;
			files = (
				754848E625EEAC6200529C79 /* LaunchDependencyContainer.swift in Sources */,
				754848CD25E8140900529C79 /* NiblessNavigationController.swift in Sources */,
				754848EC25EEACBA00529C79 /* SignupDependencyContainer.swift in Sources */,
				754848A425E80E8500529C79 /* ViewController.swift in Sources */,
				754848EA25EEAC9E00529C79 /* LoginDependencyContainer.swift in Sources */,
				754848E825EEAC8500529C79 /* OnboardingDependencyContainer.swift in Sources */,
				754848C925E8132600529C79 /* NiblessViewController.swift in Sources */,
				754848CB25E813D300529C79 /* NiblessView.swift in Sources */,
				754848A025E80E8500529C79 /* AppDelegate.swift in Sources */,
				754848C525E8123400529C79 /* MainDependencyContainer.swift in Sources */,
			);
			runOnlyForDeploymentPostprocessing = 0;
		};
		754848AE25E80E8800529C79 /* Sources */ = {
			isa = PBXSourcesBuildPhase;
			buildActionMask = 2147483647;
			files = (
				754848B725E80E8800529C79 /* SampleTests.swift in Sources */,
			);
			runOnlyForDeploymentPostprocessing = 0;
		};
/* End PBXSourcesBuildPhase section */

/* Begin PBXTargetDependency section */
		754848B425E80E8800529C79 /* PBXTargetDependency */ = {
			isa = PBXTargetDependency;
			target = 7548489B25E80E8500529C79 /* Sample */;
			targetProxy = 754848B325E80E8800529C79 /* PBXContainerItemProxy */;
		};
/* End PBXTargetDependency section */

/* Begin XCBuildConfiguration section */
		754848B925E80E8800529C79 /* Debug */ = {
			isa = XCBuildConfiguration;
			buildSettings = {
				ALWAYS_SEARCH_USER_PATHS = NO;
				CLANG_ANALYZER_NONNULL = YES;
				CLANG_ANALYZER_NUMBER_OBJECT_CONVERSION = YES_AGGRESSIVE;
				CLANG_CXX_LANGUAGE_STANDARD = "gnu++14";
				CLANG_CXX_LIBRARY = "libc++";
				CLANG_ENABLE_MODULES = YES;
				CLANG_ENABLE_OBJC_ARC = YES;
				CLANG_ENABLE_OBJC_WEAK = YES;
				CLANG_WARN_BLOCK_CAPTURE_AUTORELEASING = YES;
				CLANG_WARN_BOOL_CONVERSION = YES;
				CLANG_WARN_COMMA = YES;
				CLANG_WARN_CONSTANT_CONVERSION = YES;
				CLANG_WARN_DEPRECATED_OBJC_IMPLEMENTATIONS = YES;
				CLANG_WARN_DIRECT_OBJC_ISA_USAGE = YES_ERROR;
				CLANG_WARN_DOCUMENTATION_COMMENTS = YES;
				CLANG_WARN_EMPTY_BODY = YES;
				CLANG_WARN_ENUM_CONVERSION = YES;
				CLANG_WARN_INFINITE_RECURSION = YES;
				CLANG_WARN_INT_CONVERSION = YES;
				CLANG_WARN_NON_LITERAL_NULL_CONVERSION = YES;
				CLANG_WARN_OBJC_IMPLICIT_RETAIN_SELF = YES;
				CLANG_WARN_OBJC_LITERAL_CONVERSION = YES;
				CLANG_WARN_OBJC_ROOT_CLASS = YES_ERROR;
				CLANG_WARN_RANGE_LOOP_ANALYSIS = YES;
				CLANG_WARN_STRICT_PROTOTYPES = YES;
				CLANG_WARN_SUSPICIOUS_MOVE = YES;
				CLANG_WARN_UNGUARDED_AVAILABILITY = YES_AGGRESSIVE;
				CLANG_WARN_UNREACHABLE_CODE = YES;
				CLANG_WARN__DUPLICATE_METHOD_MATCH = YES;
				COPY_PHASE_STRIP = NO;
				DEBUG_INFORMATION_FORMAT = dwarf;
				ENABLE_STRICT_OBJC_MSGSEND = YES;
				ENABLE_TESTABILITY = YES;
				GCC_C_LANGUAGE_STANDARD = gnu11;
				GCC_DYNAMIC_NO_PIC = NO;
				GCC_NO_COMMON_BLOCKS = YES;
				GCC_OPTIMIZATION_LEVEL = 0;
				GCC_PREPROCESSOR_DEFINITIONS = (
					"DEBUG=1",
					"$(inherited)",
				);
				GCC_WARN_64_TO_32_BIT_CONVERSION = YES;
				GCC_WARN_ABOUT_RETURN_TYPE = YES_ERROR;
				GCC_WARN_UNDECLARED_SELECTOR = YES;
				GCC_WARN_UNINITIALIZED_AUTOS = YES_AGGRESSIVE;
				GCC_WARN_UNUSED_FUNCTION = YES;
				GCC_WARN_UNUSED_VARIABLE = YES;
				IPHONEOS_DEPLOYMENT_TARGET = 13.2;
				MTL_ENABLE_DEBUG_INFO = INCLUDE_SOURCE;
				MTL_FAST_MATH = YES;
				ONLY_ACTIVE_ARCH = YES;
				SDKROOT = iphoneos;
				SWIFT_ACTIVE_COMPILATION_CONDITIONS = DEBUG;
				SWIFT_OPTIMIZATION_LEVEL = "-Onone";
			};
			name = Debug;
		};
		754848BA25E80E8800529C79 /* Release */ = {
			isa = XCBuildConfiguration;
			buildSettings = {
				ALWAYS_SEARCH_USER_PATHS = NO;
				CLANG_ANALYZER_NONNULL = YES;
				CLANG_ANALYZER_NUMBER_OBJECT_CONVERSION = YES_AGGRESSIVE;
				CLANG_CXX_LANGUAGE_STANDARD = "gnu++14";
				CLANG_CXX_LIBRARY = "libc++";
				CLANG_ENABLE_MODULES = YES;
				CLANG_ENABLE_OBJC_ARC = YES;
				CLANG_ENABLE_OBJC_WEAK = YES;
				CLANG_WARN_BLOCK_CAPTURE_AUTORELEASING = YES;
				CLANG_WARN_BOOL_CONVERSION = YES;
				CLANG_WARN_COMMA = YES;
				CLANG_WARN_CONSTANT_CONVERSION = YES;
				CLANG_WARN_DEPRECATED_OBJC_IMPLEMENTATIONS = YES;
				CLANG_WARN_DIRECT_OBJC_ISA_USAGE = YES_ERROR;
				CLANG_WARN_DOCUMENTATION_COMMENTS = YES;
				CLANG_WARN_EMPTY_BODY = YES;
				CLANG_WARN_ENUM_CONVERSION = YES;
				CLANG_WARN_INFINITE_RECURSION = YES;
				CLANG_WARN_INT_CONVERSION = YES;
				CLANG_WARN_NON_LITERAL_NULL_CONVERSION = YES;
				CLANG_WARN_OBJC_IMPLICIT_RETAIN_SELF = YES;
				CLANG_WARN_OBJC_LITERAL_CONVERSION = YES;
				CLANG_WARN_OBJC_ROOT_CLASS = YES_ERROR;
				CLANG_WARN_RANGE_LOOP_ANALYSIS = YES;
				CLANG_WARN_STRICT_PROTOTYPES = YES;
				CLANG_WARN_SUSPICIOUS_MOVE = YES;
				CLANG_WARN_UNGUARDED_AVAILABILITY = YES_AGGRESSIVE;
				CLANG_WARN_UNREACHABLE_CODE = YES;
				CLANG_WARN__DUPLICATE_METHOD_MATCH = YES;
				COPY_PHASE_STRIP = NO;
				DEBUG_INFORMATION_FORMAT = "dwarf-with-dsym";
				ENABLE_NS_ASSERTIONS = NO;
				ENABLE_STRICT_OBJC_MSGSEND = YES;
				GCC_C_LANGUAGE_STANDARD = gnu11;
				GCC_NO_COMMON_BLOCKS = YES;
				GCC_WARN_64_TO_32_BIT_CONVERSION = YES;
				GCC_WARN_ABOUT_RETURN_TYPE = YES_ERROR;
				GCC_WARN_UNDECLARED_SELECTOR = YES;
				GCC_WARN_UNINITIALIZED_AUTOS = YES_AGGRESSIVE;
				GCC_WARN_UNUSED_FUNCTION = YES;
				GCC_WARN_UNUSED_VARIABLE = YES;
				IPHONEOS_DEPLOYMENT_TARGET = 13.2;
				MTL_ENABLE_DEBUG_INFO = NO;
				MTL_FAST_MATH = YES;
				SDKROOT = iphoneos;
				SWIFT_COMPILATION_MODE = wholemodule;
				SWIFT_OPTIMIZATION_LEVEL = "-O";
				VALIDATE_PRODUCT = YES;
			};
			name = Release;
		};
		754848BC25E80E8800529C79 /* Debug */ = {
			isa = XCBuildConfiguration;
			buildSettings = {
				ASSETCATALOG_COMPILER_APPICON_NAME = AppIcon;
				CODE_SIGN_STYLE = Automatic;
				INFOPLIST_FILE = Sample/Info.plist;
				LD_RUNPATH_SEARCH_PATHS = (
					"$(inherited)",
					"@executable_path/Frameworks",
				);
				PRODUCT_BUNDLE_IDENTIFIER = lucaspedrazoli.Sample;
				PRODUCT_NAME = "$(TARGET_NAME)";
				SWIFT_VERSION = 5.0;
				TARGETED_DEVICE_FAMILY = 1;
			};
			name = Debug;
		};
		754848BD25E80E8800529C79 /* Release */ = {
			isa = XCBuildConfiguration;
			buildSettings = {
				ASSETCATALOG_COMPILER_APPICON_NAME = AppIcon;
				CODE_SIGN_STYLE = Automatic;
				INFOPLIST_FILE = Sample/Info.plist;
				LD_RUNPATH_SEARCH_PATHS = (
					"$(inherited)",
					"@executable_path/Frameworks",
				);
				PRODUCT_BUNDLE_IDENTIFIER = lucaspedrazoli.Sample;
				PRODUCT_NAME = "$(TARGET_NAME)";
				SWIFT_VERSION = 5.0;
				TARGETED_DEVICE_FAMILY = 1;
			};
			name = Release;
		};
		754848BF25E80E8800529C79 /* Debug */ = {
			isa = XCBuildConfiguration;
			buildSettings = {
				ALWAYS_EMBED_SWIFT_STANDARD_LIBRARIES = YES;
				BUNDLE_LOADER = "$(TEST_HOST)";
				CODE_SIGN_STYLE = Automatic;
				INFOPLIST_FILE = SampleTests/Info.plist;
				IPHONEOS_DEPLOYMENT_TARGET = 13.2;
				LD_RUNPATH_SEARCH_PATHS = (
					"$(inherited)",
					"@executable_path/Frameworks",
					"@loader_path/Frameworks",
				);
				PRODUCT_BUNDLE_IDENTIFIER = lucaspedrazoli.SampleTests;
				PRODUCT_NAME = "$(TARGET_NAME)";
				SWIFT_VERSION = 5.0;
				TARGETED_DEVICE_FAMILY = "1,2";
				TEST_HOST = "$(BUILT_PRODUCTS_DIR)/Sample.app/Sample";
			};
			name = Debug;
		};
		754848C025E80E8800529C79 /* Release */ = {
			isa = XCBuildConfiguration;
			buildSettings = {
				ALWAYS_EMBED_SWIFT_STANDARD_LIBRARIES = YES;
				BUNDLE_LOADER = "$(TEST_HOST)";
				CODE_SIGN_STYLE = Automatic;
				INFOPLIST_FILE = SampleTests/Info.plist;
				IPHONEOS_DEPLOYMENT_TARGET = 13.2;
				LD_RUNPATH_SEARCH_PATHS = (
					"$(inherited)",
					"@executable_path/Frameworks",
					"@loader_path/Frameworks",
				);
				PRODUCT_BUNDLE_IDENTIFIER = lucaspedrazoli.SampleTests;
				PRODUCT_NAME = "$(TARGET_NAME)";
				SWIFT_VERSION = 5.0;
				TARGETED_DEVICE_FAMILY = "1,2";
				TEST_HOST = "$(BUILT_PRODUCTS_DIR)/Sample.app/Sample";
			};
			name = Release;
		};
/* End XCBuildConfiguration section */

/* Begin XCConfigurationList section */
		7548489725E80E8500529C79 /* Build configuration list for PBXProject "Sample" */ = {
			isa = XCConfigurationList;
			buildConfigurations = (
				754848B925E80E8800529C79 /* Debug */,
				754848BA25E80E8800529C79 /* Release */,
			);
			defaultConfigurationIsVisible = 0;
			defaultConfigurationName = Release;
		};
		754848BB25E80E8800529C79 /* Build configuration list for PBXNativeTarget "Sample" */ = {
			isa = XCConfigurationList;
			buildConfigurations = (
				754848BC25E80E8800529C79 /* Debug */,
				754848BD25E80E8800529C79 /* Release */,
			);
			defaultConfigurationIsVisible = 0;
			defaultConfigurationName = Release;
		};
		754848BE25E80E8800529C79 /* Build configuration list for PBXNativeTarget "SampleTests" */ = {
			isa = XCConfigurationList;
			buildConfigurations = (
				754848BF25E80E8800529C79 /* Debug */,
				754848C025E80E8800529C79 /* Release */,
			);
			defaultConfigurationIsVisible = 0;
			defaultConfigurationName = Release;
		};
/* End XCConfigurationList section */
	};
	rootObject = 7548489425E80E8500529C79 /* Project object */;
}
