// !$*UTF8*$!
{
	archiveVersion = 1;
	classes = {
	};
	objectVersion = 51;
	objects = {

/* Begin PBXBuildFile section */
		018B735AAA807886EF9E38F4 /* Pods_SampleTests.framework in Frameworks */ = {isa = PBXBuildFile; fileRef = 236A7671A33052AE236DF11D /* Pods_SampleTests.framework */; };
		754848A025E80E8500529C79 /* AppDelegate.swift in Sources */ = {isa = PBXBuildFile; fileRef = 7548489F25E80E8500529C79 /* AppDelegate.swift */; };
		754848A425E80E8500529C79 /* ViewController.swift in Sources */ = {isa = PBXBuildFile; fileRef = 754848A325E80E8500529C79 /* ViewController.swift */; };
		754848A925E80E8800529C79 /* Assets.xcassets in Resources */ = {isa = PBXBuildFile; fileRef = 754848A825E80E8800529C79 /* Assets.xcassets */; };
		754848B725E80E8800529C79 /* SampleTests.swift in Sources */ = {isa = PBXBuildFile; fileRef = 754848B625E80E8800529C79 /* SampleTests.swift */; };
		754848C225E8110D00529C79 /* .gitignore in Resources */ = {isa = PBXBuildFile; fileRef = 754848C125E8110D00529C79 /* .gitignore */; };
		754848C525E8123400529C79 /* MainDependencyContainer.swift in Sources */ = {isa = PBXBuildFile; fileRef = 754848C425E8123400529C79 /* MainDependencyContainer.swift */; };
		754848C925E8132600529C79 /* NiblessViewController.swift in Sources */ = {isa = PBXBuildFile; fileRef = 754848C825E8132600529C79 /* NiblessViewController.swift */; };
		754848CB25E813D300529C79 /* NiblessView.swift in Sources */ = {isa = PBXBuildFile; fileRef = 754848CA25E813D300529C79 /* NiblessView.swift */; };
		754848CD25E8140900529C79 /* NiblessNavigationController.swift in Sources */ = {isa = PBXBuildFile; fileRef = 754848CC25E8140900529C79 /* NiblessNavigationController.swift */; };
		754848E625EEAC6200529C79 /* LaunchDependencyContainer.swift in Sources */ = {isa = PBXBuildFile; fileRef = 754848E525EEAC6200529C79 /* LaunchDependencyContainer.swift */; };
		754848E825EEAC8500529C79 /* OnboardingDependencyContainer.swift in Sources */ = {isa = PBXBuildFile; fileRef = 754848E725EEAC8500529C79 /* OnboardingDependencyContainer.swift */; };
		754848EA25EEAC9E00529C79 /* LoginDependencyContainer.swift in Sources */ = {isa = PBXBuildFile; fileRef = 754848E925EEAC9E00529C79 /* LoginDependencyContainer.swift */; };
		754848EC25EEACBA00529C79 /* SignupDependencyContainer.swift in Sources */ = {isa = PBXBuildFile; fileRef = 754848EB25EEACBA00529C79 /* SignupDependencyContainer.swift */; };
		754848F025EEB5E900529C79 /* UserSessionStoreType.swift in Sources */ = {isa = PBXBuildFile; fileRef = 754848EF25EEB5E900529C79 /* UserSessionStoreType.swift */; };
		754848F325EEB6E600529C79 /* UserSessionModel.swift in Sources */ = {isa = PBXBuildFile; fileRef = 754848F225EEB6E600529C79 /* UserSessionModel.swift */; };
		754848F525EEB74600529C79 /* RemoteUserSession.swift in Sources */ = {isa = PBXBuildFile; fileRef = 754848F425EEB74600529C79 /* RemoteUserSession.swift */; };
		754848F725EEB76500529C79 /* UserProfile.swift in Sources */ = {isa = PBXBuildFile; fileRef = 754848F625EEB76500529C79 /* UserProfile.swift */; };
		754848FA25EED03000529C79 /* UserSessionStore.swift in Sources */ = {isa = PBXBuildFile; fileRef = 754848F925EED03000529C79 /* UserSessionStore.swift */; };
		754848FC25EED3EC00529C79 /* Podfile in Resources */ = {isa = PBXBuildFile; fileRef = 754848FB25EED3EC00529C79 /* Podfile */; };
		7558A5F125F126E400E31585 /* NetworkDataSourceType.swift in Sources */ = {isa = PBXBuildFile; fileRef = 7558A5F025F126E400E31585 /* NetworkDataSourceType.swift */; };
		7558A5F325F12A2A00E31585 /* NetworkDataSource.swift in Sources */ = {isa = PBXBuildFile; fileRef = 7558A5F225F12A2A00E31585 /* NetworkDataSource.swift */; };
		7558A5F825F1386100E31585 /* HTTPVerb.swift in Sources */ = {isa = PBXBuildFile; fileRef = 7558A5F725F1386100E31585 /* HTTPVerb.swift */; };
		7558A5FA25F138E000E31585 /* Request.swift in Sources */ = {isa = PBXBuildFile; fileRef = 7558A5F925F138E000E31585 /* Request.swift */; };
		7558A5FC25F14C0000E31585 /* Endpoint.swift in Sources */ = {isa = PBXBuildFile; fileRef = 7558A5FB25F14C0000E31585 /* Endpoint.swift */; };
		7558A5FE25F1945700E31585 /* LoggerType.swift in Sources */ = {isa = PBXBuildFile; fileRef = 7558A5FD25F1945700E31585 /* LoggerType.swift */; };
		7558A60B25F27DC000E31585 /* ErrorInfo.swift in Sources */ = {isa = PBXBuildFile; fileRef = 7558A60A25F27DBF00E31585 /* ErrorInfo.swift */; };
		795427741CFF8DD68F26E2C2 /* Pods_Sample.framework in Frameworks */ = {isa = PBXBuildFile; fileRef = 27FFBE67CBD59F2E3BFCA9DC /* Pods_Sample.framework */; };
/* End PBXBuildFile section */

/* Begin PBXContainerItemProxy section */
		754848B325E80E8800529C79 /* PBXContainerItemProxy */ = {
			isa = PBXContainerItemProxy;
			containerPortal = 7548489425E80E8500529C79 /* Project object */;
			proxyType = 1;
			remoteGlobalIDString = 7548489B25E80E8500529C79;
			remoteInfo = Sample;
		};
/* End PBXContainerItemProxy section */

/* Begin PBXFileReference section */
		236A7671A33052AE236DF11D /* Pods_SampleTests.framework */ = {isa = PBXFileReference; explicitFileType = wrapper.framework; includeInIndex = 0; path = Pods_SampleTests.framework; sourceTree = BUILT_PRODUCTS_DIR; };
		27FFBE67CBD59F2E3BFCA9DC /* Pods_Sample.framework */ = {isa = PBXFileReference; explicitFileType = wrapper.framework; includeInIndex = 0; path = Pods_Sample.framework; sourceTree = BUILT_PRODUCTS_DIR; };
		6EB7E663ECA91F5E522B5513 /* Pods-Sample.release.xcconfig */ = {isa = PBXFileReference; includeInIndex = 1; lastKnownFileType = text.xcconfig; name = "Pods-Sample.release.xcconfig"; path = "Target Support Files/Pods-Sample/Pods-Sample.release.xcconfig"; sourceTree = "<group>"; };
		7548489C25E80E8500529C79 /* Sample.app */ = {isa = PBXFileReference; explicitFileType = wrapper.application; includeInIndex = 0; path = Sample.app; sourceTree = BUILT_PRODUCTS_DIR; };
		7548489F25E80E8500529C79 /* AppDelegate.swift */ = {isa = PBXFileReference; lastKnownFileType = sourcecode.swift; path = AppDelegate.swift; sourceTree = "<group>"; };
		754848A325E80E8500529C79 /* ViewController.swift */ = {isa = PBXFileReference; lastKnownFileType = sourcecode.swift; path = ViewController.swift; sourceTree = "<group>"; };
		754848A825E80E8800529C79 /* Assets.xcassets */ = {isa = PBXFileReference; lastKnownFileType = folder.assetcatalog; path = Assets.xcassets; sourceTree = "<group>"; };
		754848AD25E80E8800529C79 /* Info.plist */ = {isa = PBXFileReference; lastKnownFileType = text.plist.xml; path = Info.plist; sourceTree = "<group>"; };
		754848B225E80E8800529C79 /* SampleTests.xctest */ = {isa = PBXFileReference; explicitFileType = wrapper.cfbundle; includeInIndex = 0; path = SampleTests.xctest; sourceTree = BUILT_PRODUCTS_DIR; };
		754848B625E80E8800529C79 /* SampleTests.swift */ = {isa = PBXFileReference; lastKnownFileType = sourcecode.swift; path = SampleTests.swift; sourceTree = "<group>"; };
		754848B825E80E8800529C79 /* Info.plist */ = {isa = PBXFileReference; lastKnownFileType = text.plist.xml; path = Info.plist; sourceTree = "<group>"; };
		754848C125E8110D00529C79 /* .gitignore */ = {isa = PBXFileReference; lastKnownFileType = text; path = .gitignore; sourceTree = "<group>"; };
		754848C425E8123400529C79 /* MainDependencyContainer.swift */ = {isa = PBXFileReference; lastKnownFileType = sourcecode.swift; path = MainDependencyContainer.swift; sourceTree = "<group>"; };
		754848C825E8132600529C79 /* NiblessViewController.swift */ = {isa = PBXFileReference; lastKnownFileType = sourcecode.swift; path = NiblessViewController.swift; sourceTree = "<group>"; };
		754848CA25E813D300529C79 /* NiblessView.swift */ = {isa = PBXFileReference; lastKnownFileType = sourcecode.swift; path = NiblessView.swift; sourceTree = "<group>"; };
		754848CC25E8140900529C79 /* NiblessNavigationController.swift */ = {isa = PBXFileReference; lastKnownFileType = sourcecode.swift; path = NiblessNavigationController.swift; sourceTree = "<group>"; };
		754848E525EEAC6200529C79 /* LaunchDependencyContainer.swift */ = {isa = PBXFileReference; lastKnownFileType = sourcecode.swift; path = LaunchDependencyContainer.swift; sourceTree = "<group>"; };
		754848E725EEAC8500529C79 /* OnboardingDependencyContainer.swift */ = {isa = PBXFileReference; lastKnownFileType = sourcecode.swift; path = OnboardingDependencyContainer.swift; sourceTree = "<group>"; };
		754848E925EEAC9E00529C79 /* LoginDependencyContainer.swift */ = {isa = PBXFileReference; lastKnownFileType = sourcecode.swift; path = LoginDependencyContainer.swift; sourceTree = "<group>"; };
		754848EB25EEACBA00529C79 /* SignupDependencyContainer.swift */ = {isa = PBXFileReference; lastKnownFileType = sourcecode.swift; path = SignupDependencyContainer.swift; sourceTree = "<group>"; };
		754848EF25EEB5E900529C79 /* UserSessionStoreType.swift */ = {isa = PBXFileReference; lastKnownFileType = sourcecode.swift; path = UserSessionStoreType.swift; sourceTree = "<group>"; };
		754848F225EEB6E600529C79 /* UserSessionModel.swift */ = {isa = PBXFileReference; lastKnownFileType = sourcecode.swift; path = UserSessionModel.swift; sourceTree = "<group>"; };
		754848F425EEB74600529C79 /* RemoteUserSession.swift */ = {isa = PBXFileReference; lastKnownFileType = sourcecode.swift; path = RemoteUserSession.swift; sourceTree = "<group>"; };
		754848F625EEB76500529C79 /* UserProfile.swift */ = {isa = PBXFileReference; lastKnownFileType = sourcecode.swift; path = UserProfile.swift; sourceTree = "<group>"; };
		754848F925EED03000529C79 /* UserSessionStore.swift */ = {isa = PBXFileReference; lastKnownFileType = sourcecode.swift; path = UserSessionStore.swift; sourceTree = "<group>"; };
		754848FB25EED3EC00529C79 /* Podfile */ = {isa = PBXFileReference; fileEncoding = 4; lastKnownFileType = text; path = Podfile; sourceTree = "<group>"; };
		7558A5F025F126E400E31585 /* NetworkDataSourceType.swift */ = {isa = PBXFileReference; lastKnownFileType = sourcecode.swift; path = NetworkDataSourceType.swift; sourceTree = "<group>"; };
		7558A5F225F12A2A00E31585 /* NetworkDataSource.swift */ = {isa = PBXFileReference; lastKnownFileType = sourcecode.swift; path = NetworkDataSource.swift; sourceTree = "<group>"; };
		7558A5F725F1386100E31585 /* HTTPVerb.swift */ = {isa = PBXFileReference; lastKnownFileType = sourcecode.swift; path = HTTPVerb.swift; sourceTree = "<group>"; };
		7558A5F925F138E000E31585 /* Request.swift */ = {isa = PBXFileReference; lastKnownFileType = sourcecode.swift; path = Request.swift; sourceTree = "<group>"; };
		7558A5FB25F14C0000E31585 /* Endpoint.swift */ = {isa = PBXFileReference; lastKnownFileType = sourcecode.swift; path = Endpoint.swift; sourceTree = "<group>"; };
		7558A5FD25F1945700E31585 /* LoggerType.swift */ = {isa = PBXFileReference; lastKnownFileType = sourcecode.swift; path = LoggerType.swift; sourceTree = "<group>"; };
		7558A60A25F27DBF00E31585 /* ErrorInfo.swift */ = {isa = PBXFileReference; lastKnownFileType = sourcecode.swift; path = ErrorInfo.swift; sourceTree = "<group>"; };
		9E22ED75257A4928C6FFA1EA /* Pods-SampleTests.release.xcconfig */ = {isa = PBXFileReference; includeInIndex = 1; lastKnownFileType = text.xcconfig; name = "Pods-SampleTests.release.xcconfig"; path = "Target Support Files/Pods-SampleTests/Pods-SampleTests.release.xcconfig"; sourceTree = "<group>"; };
		9E7259780D1EED844DD52B61 /* Pods-Sample.debug.xcconfig */ = {isa = PBXFileReference; includeInIndex = 1; lastKnownFileType = text.xcconfig; name = "Pods-Sample.debug.xcconfig"; path = "Target Support Files/Pods-Sample/Pods-Sample.debug.xcconfig"; sourceTree = "<group>"; };
		C44060257B321FFCC3918CD7 /* Pods-SampleTests.debug.xcconfig */ = {isa = PBXFileReference; includeInIndex = 1; lastKnownFileType = text.xcconfig; name = "Pods-SampleTests.debug.xcconfig"; path = "Target Support Files/Pods-SampleTests/Pods-SampleTests.debug.xcconfig"; sourceTree = "<group>"; };
/* End PBXFileReference section */

/* Begin PBXFrameworksBuildPhase section */
		7548489925E80E8500529C79 /* Frameworks */ = {
			isa = PBXFrameworksBuildPhase;
			buildActionMask = 2147483647;
			files = (
				795427741CFF8DD68F26E2C2 /* Pods_Sample.framework in Frameworks */,
			);
			runOnlyForDeploymentPostprocessing = 0;
		};
		754848AF25E80E8800529C79 /* Frameworks */ = {
			isa = PBXFrameworksBuildPhase;
			buildActionMask = 2147483647;
			files = (
				018B735AAA807886EF9E38F4 /* Pods_SampleTests.framework in Frameworks */,
			);
			runOnlyForDeploymentPostprocessing = 0;
		};
/* End PBXFrameworksBuildPhase section */

/* Begin PBXGroup section */
		66FA5BD7BEED44F82C0C76B7 /* Frameworks */ = {
			isa = PBXGroup;
			children = (
				27FFBE67CBD59F2E3BFCA9DC /* Pods_Sample.framework */,
				236A7671A33052AE236DF11D /* Pods_SampleTests.framework */,
			);
			name = Frameworks;
			sourceTree = "<group>";
		};
		7548489325E80E8500529C79 = {
			isa = PBXGroup;
			children = (
				754848FB25EED3EC00529C79 /* Podfile */,
				754848C125E8110D00529C79 /* .gitignore */,
				7548489E25E80E8500529C79 /* Sample */,
				754848B525E80E8800529C79 /* SampleTests */,
				7548489D25E80E8500529C79 /* Products */,
				D9B966EE96B964AF0AE5B215 /* Pods */,
				66FA5BD7BEED44F82C0C76B7 /* Frameworks */,
			);
			sourceTree = "<group>";
		};
		7548489D25E80E8500529C79 /* Products */ = {
			isa = PBXGroup;
			children = (
				7548489C25E80E8500529C79 /* Sample.app */,
				754848B225E80E8800529C79 /* SampleTests.xctest */,
			);
			name = Products;
			sourceTree = "<group>";
		};
		7548489E25E80E8500529C79 /* Sample */ = {
			isa = PBXGroup;
			children = (
				7558A5FF25F1951300E31585 /* Logger */,
				754848ED25EEB08400529C79 /* DI */,
				754848E425EEAB8000529C79 /* UseCases */,
				754848C725E8130C00529C79 /* UIKit */,
				754848C625E812F600529C79 /* Data */,
				754848A825E80E8800529C79 /* Assets.xcassets */,
				754848AD25E80E8800529C79 /* Info.plist */,
			);
			path = Sample;
			sourceTree = "<group>";
		};
		754848B525E80E8800529C79 /* SampleTests */ = {
			isa = PBXGroup;
			children = (
				754848B625E80E8800529C79 /* SampleTests.swift */,
				754848B825E80E8800529C79 /* Info.plist */,
			);
			path = SampleTests;
			sourceTree = "<group>";
		};
		754848C625E812F600529C79 /* Data */ = {
			isa = PBXGroup;
			children = (
				7558A5EF25F126AA00E31585 /* DataSource */,
				7558A5EE25F1266E00E31585 /* Repository */,
				754848F125EEB67600529C79 /* Model */,
				7558A60A25F27DBF00E31585 /* ErrorInfo.swift */,
			);
			path = Data;
			sourceTree = "<group>";
		};
		754848C725E8130C00529C79 /* UIKit */ = {
			isa = PBXGroup;
			children = (
				754848C825E8132600529C79 /* NiblessViewController.swift */,
				754848CA25E813D300529C79 /* NiblessView.swift */,
				754848CC25E8140900529C79 /* NiblessNavigationController.swift */,
			);
			path = UIKit;
			sourceTree = "<group>";
		};
		754848E025EEAB2200529C79 /* Launch */ = {
			isa = PBXGroup;
			children = (
				7548489F25E80E8500529C79 /* AppDelegate.swift */,
				754848E525EEAC6200529C79 /* LaunchDependencyContainer.swift */,
				754848A325E80E8500529C79 /* ViewController.swift */,
			);
			path = Launch;
			sourceTree = "<group>";
		};
		754848E125EEAB2D00529C79 /* Onboarding */ = {
			isa = PBXGroup;
			children = (
				754848E725EEAC8500529C79 /* OnboardingDependencyContainer.swift */,
			);
			path = Onboarding;
			sourceTree = "<group>";
		};
		754848E225EEAB3D00529C79 /* Login */ = {
			isa = PBXGroup;
			children = (
				754848E925EEAC9E00529C79 /* LoginDependencyContainer.swift */,
			);
			path = Login;
			sourceTree = "<group>";
		};
		754848E325EEAB4500529C79 /* Signup */ = {
			isa = PBXGroup;
			children = (
				754848EB25EEACBA00529C79 /* SignupDependencyContainer.swift */,
			);
			path = Signup;
			sourceTree = "<group>";
		};
		754848E425EEAB8000529C79 /* UseCases */ = {
			isa = PBXGroup;
			children = (
			);
			path = UseCases;
			sourceTree = "<group>";
		};
		754848ED25EEB08400529C79 /* DI */ = {
			isa = PBXGroup;
			children = (
				754848C425E8123400529C79 /* MainDependencyContainer.swift */,
				754848E025EEAB2200529C79 /* Launch */,
				754848E125EEAB2D00529C79 /* Onboarding */,
				754848E225EEAB3D00529C79 /* Login */,
				754848E325EEAB4500529C79 /* Signup */,
			);
			path = DI;
			sourceTree = "<group>";
		};
		754848EE25EEB5D700529C79 /* Persistence */ = {
			isa = PBXGroup;
			children = (
				754848F825EECF3B00529C79 /* UserSesstionStore */,
			);
			path = Persistence;
			sourceTree = "<group>";
		};
		754848F125EEB67600529C79 /* Model */ = {
			isa = PBXGroup;
			children = (
				754848F225EEB6E600529C79 /* UserSessionModel.swift */,
				754848F425EEB74600529C79 /* RemoteUserSession.swift */,
				754848F625EEB76500529C79 /* UserProfile.swift */,
			);
			path = Model;
			sourceTree = "<group>";
		};
		754848F825EECF3B00529C79 /* UserSesstionStore */ = {
			isa = PBXGroup;
			children = (
				754848EF25EEB5E900529C79 /* UserSessionStoreType.swift */,
				754848F925EED03000529C79 /* UserSessionStore.swift */,
			);
			path = UserSesstionStore;
			sourceTree = "<group>";
		};
		7558A5EE25F1266E00E31585 /* Repository */ = {
			isa = PBXGroup;
			children = (
			);
			path = Repository;
			sourceTree = "<group>";
		};
		7558A5EF25F126AA00E31585 /* DataSource */ = {
			isa = PBXGroup;
			children = (
				754848EE25EEB5D700529C79 /* Persistence */,
				7558A5F625F137F900E31585 /* Network */,
			);
			path = DataSource;
			sourceTree = "<group>";
		};
		7558A5F625F137F900E31585 /* Network */ = {
			isa = PBXGroup;
			children = (
				7558A5F025F126E400E31585 /* NetworkDataSourceType.swift */,
				7558A5F225F12A2A00E31585 /* NetworkDataSource.swift */,
				7558A5FB25F14C0000E31585 /* Endpoint.swift */,
				7558A5F925F138E000E31585 /* Request.swift */,
				7558A5F725F1386100E31585 /* HTTPVerb.swift */,
			);
			path = Network;
			sourceTree = "<group>";
		};
		7558A5FF25F1951300E31585 /* Logger */ = {
			isa = PBXGroup;
			children = (
				7558A5FD25F1945700E31585 /* LoggerType.swift */,
			);
			path = Logger;
			sourceTree = "<group>";
		};
		D9B966EE96B964AF0AE5B215 /* Pods */ = {
			isa = PBXGroup;
			children = (
				9E7259780D1EED844DD52B61 /* Pods-Sample.debug.xcconfig */,
				6EB7E663ECA91F5E522B5513 /* Pods-Sample.release.xcconfig */,
				C44060257B321FFCC3918CD7 /* Pods-SampleTests.debug.xcconfig */,
				9E22ED75257A4928C6FFA1EA /* Pods-SampleTests.release.xcconfig */,
			);
			path = Pods;
			sourceTree = "<group>";
		};
/* End PBXGroup section */

/* Begin PBXNativeTarget section */
		7548489B25E80E8500529C79 /* Sample */ = {
			isa = PBXNativeTarget;
			buildConfigurationList = 754848BB25E80E8800529C79 /* Build configuration list for PBXNativeTarget "Sample" */;
			buildPhases = (
				EA3AE6B8159F08C048F0A340 /* [CP] Check Pods Manifest.lock */,
				7548489825E80E8500529C79 /* Sources */,
				7548489925E80E8500529C79 /* Frameworks */,
				7548489A25E80E8500529C79 /* Resources */,
				2769BFEBAE50A547DF3DB21D /* [CP] Embed Pods Frameworks */,
			);
			buildRules = (
			);
			dependencies = (
			);
			name = Sample;
			productName = Sample;
			productReference = 7548489C25E80E8500529C79 /* Sample.app */;
			productType = "com.apple.product-type.application";
		};
		754848B125E80E8800529C79 /* SampleTests */ = {
			isa = PBXNativeTarget;
			buildConfigurationList = 754848BE25E80E8800529C79 /* Build configuration list for PBXNativeTarget "SampleTests" */;
			buildPhases = (
				8C543BBEF38A62FC6CA69B74 /* [CP] Check Pods Manifest.lock */,
				754848AE25E80E8800529C79 /* Sources */,
				754848AF25E80E8800529C79 /* Frameworks */,
				754848B025E80E8800529C79 /* Resources */,
				82D480200DDFF4922DE423ED /* [CP] Embed Pods Frameworks */,
			);
			buildRules = (
			);
			dependencies = (
				754848B425E80E8800529C79 /* PBXTargetDependency */,
			);
			name = SampleTests;
			productName = SampleTests;
			productReference = 754848B225E80E8800529C79 /* SampleTests.xctest */;
			productType = "com.apple.product-type.bundle.unit-test";
		};
/* End PBXNativeTarget section */

/* Begin PBXProject section */
		7548489425E80E8500529C79 /* Project object */ = {
			isa = PBXProject;
			attributes = {
				LastSwiftUpdateCheck = 1130;
				LastUpgradeCheck = 1130;
				ORGANIZATIONNAME = "Lucas Pedrazoli";
				TargetAttributes = {
					7548489B25E80E8500529C79 = {
						CreatedOnToolsVersion = 11.3;
					};
					754848B125E80E8800529C79 = {
						CreatedOnToolsVersion = 11.3;
						TestTargetID = 7548489B25E80E8500529C79;
					};
				};
			};
			buildConfigurationList = 7548489725E80E8500529C79 /* Build configuration list for PBXProject "Sample" */;
			compatibilityVersion = "Xcode 9.3";
			developmentRegion = en;
			hasScannedForEncodings = 0;
			knownRegions = (
				en,
				Base,
			);
			mainGroup = 7548489325E80E8500529C79;
			productRefGroup = 7548489D25E80E8500529C79 /* Products */;
			projectDirPath = "";
			projectRoot = "";
			targets = (
				7548489B25E80E8500529C79 /* Sample */,
				754848B125E80E8800529C79 /* SampleTests */,
			);
		};
/* End PBXProject section */

/* Begin PBXResourcesBuildPhase section */
		7548489A25E80E8500529C79 /* Resources */ = {
			isa = PBXResourcesBuildPhase;
			buildActionMask = 2147483647;
			files = (
				754848FC25EED3EC00529C79 /* Podfile in Resources */,
				754848C225E8110D00529C79 /* .gitignore in Resources */,
				754848A925E80E8800529C79 /* Assets.xcassets in Resources */,
			);
			runOnlyForDeploymentPostprocessing = 0;
		};
		754848B025E80E8800529C79 /* Resources */ = {
			isa = PBXResourcesBuildPhase;
			buildActionMask = 2147483647;
			files = (
			);
			runOnlyForDeploymentPostprocessing = 0;
		};
/* End PBXResourcesBuildPhase section */

/* Begin PBXShellScriptBuildPhase section */
		2769BFEBAE50A547DF3DB21D /* [CP] Embed Pods Frameworks */ = {
			isa = PBXShellScriptBuildPhase;
			buildActionMask = 2147483647;
			files = (
			);
			inputFileListPaths = (
				"${PODS_ROOT}/Target Support Files/Pods-Sample/Pods-Sample-frameworks-${CONFIGURATION}-input-files.xcfilelist",
			);
			name = "[CP] Embed Pods Frameworks";
			outputFileListPaths = (
				"${PODS_ROOT}/Target Support Files/Pods-Sample/Pods-Sample-frameworks-${CONFIGURATION}-output-files.xcfilelist",
			);
			runOnlyForDeploymentPostprocessing = 0;
			shellPath = /bin/sh;
			shellScript = "\"${PODS_ROOT}/Target Support Files/Pods-Sample/Pods-Sample-frameworks.sh\"\n";
			showEnvVarsInLog = 0;
		};
		82D480200DDFF4922DE423ED /* [CP] Embed Pods Frameworks */ = {
			isa = PBXShellScriptBuildPhase;
			buildActionMask = 2147483647;
			files = (
			);
			inputFileListPaths = (
				"${PODS_ROOT}/Target Support Files/Pods-SampleTests/Pods-SampleTests-frameworks-${CONFIGURATION}-input-files.xcfilelist",
			);
			name = "[CP] Embed Pods Frameworks";
			outputFileListPaths = (
				"${PODS_ROOT}/Target Support Files/Pods-SampleTests/Pods-SampleTests-frameworks-${CONFIGURATION}-output-files.xcfilelist",
			);
			runOnlyForDeploymentPostprocessing = 0;
			shellPath = /bin/sh;
			shellScript = "\"${PODS_ROOT}/Target Support Files/Pods-SampleTests/Pods-SampleTests-frameworks.sh\"\n";
			showEnvVarsInLog = 0;
		};
		8C543BBEF38A62FC6CA69B74 /* [CP] Check Pods Manifest.lock */ = {
			isa = PBXShellScriptBuildPhase;
			buildActionMask = 2147483647;
			files = (
			);
			inputFileListPaths = (
			);
			inputPaths = (
				"${PODS_PODFILE_DIR_PATH}/Podfile.lock",
				"${PODS_ROOT}/Manifest.lock",
			);
			name = "[CP] Check Pods Manifest.lock";
			outputFileListPaths = (
			);
			outputPaths = (
				"$(DERIVED_FILE_DIR)/Pods-SampleTests-checkManifestLockResult.txt",
			);
			runOnlyForDeploymentPostprocessing = 0;
			shellPath = /bin/sh;
			shellScript = "diff \"${PODS_PODFILE_DIR_PATH}/Podfile.lock\" \"${PODS_ROOT}/Manifest.lock\" > /dev/null\nif [ $? != 0 ] ; then\n    # print error to STDERR\n    echo \"error: The sandbox is not in sync with the Podfile.lock. Run 'pod install' or update your CocoaPods installation.\" >&2\n    exit 1\nfi\n# This output is used by Xcode 'outputs' to avoid re-running this script phase.\necho \"SUCCESS\" > \"${SCRIPT_OUTPUT_FILE_0}\"\n";
			showEnvVarsInLog = 0;
		};
		EA3AE6B8159F08C048F0A340 /* [CP] Check Pods Manifest.lock */ = {
			isa = PBXShellScriptBuildPhase;
			buildActionMask = 2147483647;
			files = (
			);
			inputFileListPaths = (
			);
			inputPaths = (
				"${PODS_PODFILE_DIR_PATH}/Podfile.lock",
				"${PODS_ROOT}/Manifest.lock",
			);
			name = "[CP] Check Pods Manifest.lock";
			outputFileListPaths = (
			);
			outputPaths = (
				"$(DERIVED_FILE_DIR)/Pods-Sample-checkManifestLockResult.txt",
			);
			runOnlyForDeploymentPostprocessing = 0;
			shellPath = /bin/sh;
			shellScript = "diff \"${PODS_PODFILE_DIR_PATH}/Podfile.lock\" \"${PODS_ROOT}/Manifest.lock\" > /dev/null\nif [ $? != 0 ] ; then\n    # print error to STDERR\n    echo \"error: The sandbox is not in sync with the Podfile.lock. Run 'pod install' or update your CocoaPods installation.\" >&2\n    exit 1\nfi\n# This output is used by Xcode 'outputs' to avoid re-running this script phase.\necho \"SUCCESS\" > \"${SCRIPT_OUTPUT_FILE_0}\"\n";
			showEnvVarsInLog = 0;
		};
/* End PBXShellScriptBuildPhase section */

/* Begin PBXSourcesBuildPhase section */
		7548489825E80E8500529C79 /* Sources */ = {
			isa = PBXSourcesBuildPhase;
			buildActionMask = 2147483647;
			files = (
				754848E625EEAC6200529C79 /* LaunchDependencyContainer.swift in Sources */,
				754848CD25E8140900529C79 /* NiblessNavigationController.swift in Sources */,
				754848F725EEB76500529C79 /* UserProfile.swift in Sources */,
				754848EC25EEACBA00529C79 /* SignupDependencyContainer.swift in Sources */,
				7558A5FC25F14C0000E31585 /* Endpoint.swift in Sources */,
				754848FA25EED03000529C79 /* UserSessionStore.swift in Sources */,
				754848A425E80E8500529C79 /* ViewController.swift in Sources */,
				7558A5FE25F1945700E31585 /* LoggerType.swift in Sources */,
				754848EA25EEAC9E00529C79 /* LoginDependencyContainer.swift in Sources */,
				754848E825EEAC8500529C79 /* OnboardingDependencyContainer.swift in Sources */,
				7558A5F825F1386100E31585 /* HTTPVerb.swift in Sources */,
				754848F025EEB5E900529C79 /* UserSessionStoreType.swift in Sources */,
				7558A60B25F27DC000E31585 /* ErrorInfo.swift in Sources */,
				7558A5FA25F138E000E31585 /* Request.swift in Sources */,
				754848C925E8132600529C79 /* NiblessViewController.swift in Sources */,
				7558A5F325F12A2A00E31585 /* NetworkDataSource.swift in Sources */,
				754848CB25E813D300529C79 /* NiblessView.swift in Sources */,
				754848F525EEB74600529C79 /* RemoteUserSession.swift in Sources */,
				7558A5F125F126E400E31585 /* NetworkDataSourceType.swift in Sources */,
				754848F325EEB6E600529C79 /* UserSessionModel.swift in Sources */,
				754848A025E80E8500529C79 /* AppDelegate.swift in Sources */,
				754848C525E8123400529C79 /* MainDependencyContainer.swift in Sources */,
			);
			runOnlyForDeploymentPostprocessing = 0;
		};
		754848AE25E80E8800529C79 /* Sources */ = {
			isa = PBXSourcesBuildPhase;
			buildActionMask = 2147483647;
			files = (
				754848B725E80E8800529C79 /* SampleTests.swift in Sources */,
			);
			runOnlyForDeploymentPostprocessing = 0;
		};
/* End PBXSourcesBuildPhase section */

/* Begin PBXTargetDependency section */
		754848B425E80E8800529C79 /* PBXTargetDependency */ = {
			isa = PBXTargetDependency;
			target = 7548489B25E80E8500529C79 /* Sample */;
			targetProxy = 754848B325E80E8800529C79 /* PBXContainerItemProxy */;
		};
/* End PBXTargetDependency section */

/* Begin XCBuildConfiguration section */
		754848B925E80E8800529C79 /* Debug */ = {
			isa = XCBuildConfiguration;
			buildSettings = {
				ALWAYS_SEARCH_USER_PATHS = NO;
				CLANG_ANALYZER_NONNULL = YES;
				CLANG_ANALYZER_NUMBER_OBJECT_CONVERSION = YES_AGGRESSIVE;
				CLANG_CXX_LANGUAGE_STANDARD = "gnu++14";
				CLANG_CXX_LIBRARY = "libc++";
				CLANG_ENABLE_MODULES = YES;
				CLANG_ENABLE_OBJC_ARC = YES;
				CLANG_ENABLE_OBJC_WEAK = YES;
				CLANG_WARN_BLOCK_CAPTURE_AUTORELEASING = YES;
				CLANG_WARN_BOOL_CONVERSION = YES;
				CLANG_WARN_COMMA = YES;
				CLANG_WARN_CONSTANT_CONVERSION = YES;
				CLANG_WARN_DEPRECATED_OBJC_IMPLEMENTATIONS = YES;
				CLANG_WARN_DIRECT_OBJC_ISA_USAGE = YES_ERROR;
				CLANG_WARN_DOCUMENTATION_COMMENTS = YES;
				CLANG_WARN_EMPTY_BODY = YES;
				CLANG_WARN_ENUM_CONVERSION = YES;
				CLANG_WARN_INFINITE_RECURSION = YES;
				CLANG_WARN_INT_CONVERSION = YES;
				CLANG_WARN_NON_LITERAL_NULL_CONVERSION = YES;
				CLANG_WARN_OBJC_IMPLICIT_RETAIN_SELF = YES;
				CLANG_WARN_OBJC_LITERAL_CONVERSION = YES;
				CLANG_WARN_OBJC_ROOT_CLASS = YES_ERROR;
				CLANG_WARN_RANGE_LOOP_ANALYSIS = YES;
				CLANG_WARN_STRICT_PROTOTYPES = YES;
				CLANG_WARN_SUSPICIOUS_MOVE = YES;
				CLANG_WARN_UNGUARDED_AVAILABILITY = YES_AGGRESSIVE;
				CLANG_WARN_UNREACHABLE_CODE = YES;
				CLANG_WARN__DUPLICATE_METHOD_MATCH = YES;
				COPY_PHASE_STRIP = NO;
				DEBUG_INFORMATION_FORMAT = dwarf;
				ENABLE_STRICT_OBJC_MSGSEND = YES;
				ENABLE_TESTABILITY = YES;
				GCC_C_LANGUAGE_STANDARD = gnu11;
				GCC_DYNAMIC_NO_PIC = NO;
				GCC_NO_COMMON_BLOCKS = YES;
				GCC_OPTIMIZATION_LEVEL = 0;
				GCC_PREPROCESSOR_DEFINITIONS = (
					"DEBUG=1",
					"$(inherited)",
				);
				GCC_WARN_64_TO_32_BIT_CONVERSION = YES;
				GCC_WARN_ABOUT_RETURN_TYPE = YES_ERROR;
				GCC_WARN_UNDECLARED_SELECTOR = YES;
				GCC_WARN_UNINITIALIZED_AUTOS = YES_AGGRESSIVE;
				GCC_WARN_UNUSED_FUNCTION = YES;
				GCC_WARN_UNUSED_VARIABLE = YES;
				IPHONEOS_DEPLOYMENT_TARGET = 13.2;
				MTL_ENABLE_DEBUG_INFO = INCLUDE_SOURCE;
				MTL_FAST_MATH = YES;
				ONLY_ACTIVE_ARCH = YES;
				SDKROOT = iphoneos;
				SWIFT_ACTIVE_COMPILATION_CONDITIONS = DEBUG;
				SWIFT_OPTIMIZATION_LEVEL = "-Onone";
			};
			name = Debug;
		};
		754848BA25E80E8800529C79 /* Release */ = {
			isa = XCBuildConfiguration;
			buildSettings = {
				ALWAYS_SEARCH_USER_PATHS = NO;
				CLANG_ANALYZER_NONNULL = YES;
				CLANG_ANALYZER_NUMBER_OBJECT_CONVERSION = YES_AGGRESSIVE;
				CLANG_CXX_LANGUAGE_STANDARD = "gnu++14";
				CLANG_CXX_LIBRARY = "libc++";
				CLANG_ENABLE_MODULES = YES;
				CLANG_ENABLE_OBJC_ARC = YES;
				CLANG_ENABLE_OBJC_WEAK = YES;
				CLANG_WARN_BLOCK_CAPTURE_AUTORELEASING = YES;
				CLANG_WARN_BOOL_CONVERSION = YES;
				CLANG_WARN_COMMA = YES;
				CLANG_WARN_CONSTANT_CONVERSION = YES;
				CLANG_WARN_DEPRECATED_OBJC_IMPLEMENTATIONS = YES;
				CLANG_WARN_DIRECT_OBJC_ISA_USAGE = YES_ERROR;
				CLANG_WARN_DOCUMENTATION_COMMENTS = YES;
				CLANG_WARN_EMPTY_BODY = YES;
				CLANG_WARN_ENUM_CONVERSION = YES;
				CLANG_WARN_INFINITE_RECURSION = YES;
				CLANG_WARN_INT_CONVERSION = YES;
				CLANG_WARN_NON_LITERAL_NULL_CONVERSION = YES;
				CLANG_WARN_OBJC_IMPLICIT_RETAIN_SELF = YES;
				CLANG_WARN_OBJC_LITERAL_CONVERSION = YES;
				CLANG_WARN_OBJC_ROOT_CLASS = YES_ERROR;
				CLANG_WARN_RANGE_LOOP_ANALYSIS = YES;
				CLANG_WARN_STRICT_PROTOTYPES = YES;
				CLANG_WARN_SUSPICIOUS_MOVE = YES;
				CLANG_WARN_UNGUARDED_AVAILABILITY = YES_AGGRESSIVE;
				CLANG_WARN_UNREACHABLE_CODE = YES;
				CLANG_WARN__DUPLICATE_METHOD_MATCH = YES;
				COPY_PHASE_STRIP = NO;
				DEBUG_INFORMATION_FORMAT = "dwarf-with-dsym";
				ENABLE_NS_ASSERTIONS = NO;
				ENABLE_STRICT_OBJC_MSGSEND = YES;
				GCC_C_LANGUAGE_STANDARD = gnu11;
				GCC_NO_COMMON_BLOCKS = YES;
				GCC_WARN_64_TO_32_BIT_CONVERSION = YES;
				GCC_WARN_ABOUT_RETURN_TYPE = YES_ERROR;
				GCC_WARN_UNDECLARED_SELECTOR = YES;
				GCC_WARN_UNINITIALIZED_AUTOS = YES_AGGRESSIVE;
				GCC_WARN_UNUSED_FUNCTION = YES;
				GCC_WARN_UNUSED_VARIABLE = YES;
				IPHONEOS_DEPLOYMENT_TARGET = 13.2;
				MTL_ENABLE_DEBUG_INFO = NO;
				MTL_FAST_MATH = YES;
				SDKROOT = iphoneos;
				SWIFT_COMPILATION_MODE = wholemodule;
				SWIFT_OPTIMIZATION_LEVEL = "-O";
				VALIDATE_PRODUCT = YES;
			};
			name = Release;
		};
		754848BC25E80E8800529C79 /* Debug */ = {
			isa = XCBuildConfiguration;
			baseConfigurationReference = 9E7259780D1EED844DD52B61 /* Pods-Sample.debug.xcconfig */;
			buildSettings = {
				ASSETCATALOG_COMPILER_APPICON_NAME = AppIcon;
				CODE_SIGN_STYLE = Automatic;
				INFOPLIST_FILE = Sample/Info.plist;
				LD_RUNPATH_SEARCH_PATHS = (
					"$(inherited)",
					"@executable_path/Frameworks",
				);
				PRODUCT_BUNDLE_IDENTIFIER = lucaspedrazoli.Sample;
				PRODUCT_NAME = "$(TARGET_NAME)";
				SWIFT_VERSION = 5.0;
				TARGETED_DEVICE_FAMILY = 1;
			};
			name = Debug;
		};
		754848BD25E80E8800529C79 /* Release */ = {
			isa = XCBuildConfiguration;
			baseConfigurationReference = 6EB7E663ECA91F5E522B5513 /* Pods-Sample.release.xcconfig */;
			buildSettings = {
				ASSETCATALOG_COMPILER_APPICON_NAME = AppIcon;
				CODE_SIGN_STYLE = Automatic;
				INFOPLIST_FILE = Sample/Info.plist;
				LD_RUNPATH_SEARCH_PATHS = (
					"$(inherited)",
					"@executable_path/Frameworks",
				);
				PRODUCT_BUNDLE_IDENTIFIER = lucaspedrazoli.Sample;
				PRODUCT_NAME = "$(TARGET_NAME)";
				SWIFT_VERSION = 5.0;
				TARGETED_DEVICE_FAMILY = 1;
			};
			name = Release;
		};
		754848BF25E80E8800529C79 /* Debug */ = {
			isa = XCBuildConfiguration;
			baseConfigurationReference = C44060257B321FFCC3918CD7 /* Pods-SampleTests.debug.xcconfig */;
			buildSettings = {
				ALWAYS_EMBED_SWIFT_STANDARD_LIBRARIES = YES;
				BUNDLE_LOADER = "$(TEST_HOST)";
				CODE_SIGN_STYLE = Automatic;
				INFOPLIST_FILE = SampleTests/Info.plist;
				IPHONEOS_DEPLOYMENT_TARGET = 13.2;
				LD_RUNPATH_SEARCH_PATHS = (
					"$(inherited)",
					"@executable_path/Frameworks",
					"@loader_path/Frameworks",
				);
				PRODUCT_BUNDLE_IDENTIFIER = lucaspedrazoli.SampleTests;
				PRODUCT_NAME = "$(TARGET_NAME)";
				SWIFT_VERSION = 5.0;
				TARGETED_DEVICE_FAMILY = "1,2";
				TEST_HOST = "$(BUILT_PRODUCTS_DIR)/Sample.app/Sample";
			};
			name = Debug;
		};
		754848C025E80E8800529C79 /* Release */ = {
			isa = XCBuildConfiguration;
			baseConfigurationReference = 9E22ED75257A4928C6FFA1EA /* Pods-SampleTests.release.xcconfig */;
			buildSettings = {
				ALWAYS_EMBED_SWIFT_STANDARD_LIBRARIES = YES;
				BUNDLE_LOADER = "$(TEST_HOST)";
				CODE_SIGN_STYLE = Automatic;
				INFOPLIST_FILE = SampleTests/Info.plist;
				IPHONEOS_DEPLOYMENT_TARGET = 13.2;
				LD_RUNPATH_SEARCH_PATHS = (
					"$(inherited)",
					"@executable_path/Frameworks",
					"@loader_path/Frameworks",
				);
				PRODUCT_BUNDLE_IDENTIFIER = lucaspedrazoli.SampleTests;
				PRODUCT_NAME = "$(TARGET_NAME)";
				SWIFT_VERSION = 5.0;
				TARGETED_DEVICE_FAMILY = "1,2";
				TEST_HOST = "$(BUILT_PRODUCTS_DIR)/Sample.app/Sample";
			};
			name = Release;
		};
/* End XCBuildConfiguration section */

/* Begin XCConfigurationList section */
		7548489725E80E8500529C79 /* Build configuration list for PBXProject "Sample" */ = {
			isa = XCConfigurationList;
			buildConfigurations = (
				754848B925E80E8800529C79 /* Debug */,
				754848BA25E80E8800529C79 /* Release */,
			);
			defaultConfigurationIsVisible = 0;
			defaultConfigurationName = Release;
		};
		754848BB25E80E8800529C79 /* Build configuration list for PBXNativeTarget "Sample" */ = {
			isa = XCConfigurationList;
			buildConfigurations = (
				754848BC25E80E8800529C79 /* Debug */,
				754848BD25E80E8800529C79 /* Release */,
			);
			defaultConfigurationIsVisible = 0;
			defaultConfigurationName = Release;
		};
		754848BE25E80E8800529C79 /* Build configuration list for PBXNativeTarget "SampleTests" */ = {
			isa = XCConfigurationList;
			buildConfigurations = (
				754848BF25E80E8800529C79 /* Debug */,
				754848C025E80E8800529C79 /* Release */,
			);
			defaultConfigurationIsVisible = 0;
			defaultConfigurationName = Release;
		};
/* End XCConfigurationList section */
	};
	rootObject = 7548489425E80E8500529C79 /* Project object */;
}
